
Microsoft Visual Studio Solution File, Format Version 12.00
# Visual Studio Version 16
VisualStudioVersion = 16.0.29613.14
MinimumVisualStudioVersion = 10.0.40219.1
Project("{9A19103F-16F7-4668-BE54-9A1E7A4F7556}") = "GuideTourWeb", "GuideTourWeb\GuideTourWeb.csproj", "{3DC8E002-FD40-4F19-B366-CE5B88266E31}"
EndProject
Project("{9A19103F-16F7-4668-BE54-9A1E7A4F7556}") = "GuideTourData", "GuideTourData\GuideTourData.csproj", "{E5294197-829A-4481-9FDE-C01885D82BCD}"
EndProject
Project("{9A19103F-16F7-4668-BE54-9A1E7A4F7556}") = "GuideTourLogic", "GuideTourLogic\GuideTourLogic.csproj", "{C7821A3B-F640-4ADE-93F8-9C276C9A56AD}"
EndProject
Project("{FAE04EC0-301F-11D3-BF4B-00C04F79EFBC}") = "GuideTourTestData", "GuideTourTestData\GuideTourTestData.csproj", "{0C21DA62-4DE9-4BA5-85F8-15A4A25E8476}"
EndProject
Global
	GlobalSection(SolutionConfigurationPlatforms) = preSolution
		Debug|Any CPU = Debug|Any CPU
		Release|Any CPU = Release|Any CPU
	EndGlobalSection
	GlobalSection(ProjectConfigurationPlatforms) = postSolution
		{3DC8E002-FD40-4F19-B366-CE5B88266E31}.Debug|Any CPU.ActiveCfg = Debug|Any CPU
		{3DC8E002-FD40-4F19-B366-CE5B88266E31}.Debug|Any CPU.Build.0 = Debug|Any CPU
		{3DC8E002-FD40-4F19-B366-CE5B88266E31}.Release|Any CPU.ActiveCfg = Release|Any CPU
		{3DC8E002-FD40-4F19-B366-CE5B88266E31}.Release|Any CPU.Build.0 = Release|Any CPU
		{E5294197-829A-4481-9FDE-C01885D82BCD}.Debug|Any CPU.ActiveCfg = Debug|Any CPU
		{E5294197-829A-4481-9FDE-C01885D82BCD}.Debug|Any CPU.Build.0 = Debug|Any CPU
		{E5294197-829A-4481-9FDE-C01885D82BCD}.Release|Any CPU.ActiveCfg = Release|Any CPU
		{E5294197-829A-4481-9FDE-C01885D82BCD}.Release|Any CPU.Build.0 = Release|Any CPU
		{C7821A3B-F640-4ADE-93F8-9C276C9A56AD}.Debug|Any CPU.ActiveCfg = Debug|Any CPU
		{C7821A3B-F640-4ADE-93F8-9C276C9A56AD}.Debug|Any CPU.Build.0 = Debug|Any CPU
		{C7821A3B-F640-4ADE-93F8-9C276C9A56AD}.Release|Any CPU.ActiveCfg = Release|Any CPU
		{C7821A3B-F640-4ADE-93F8-9C276C9A56AD}.Release|Any CPU.Build.0 = Release|Any CPU
		{0C21DA62-4DE9-4BA5-85F8-15A4A25E8476}.Debug|Any CPU.ActiveCfg = Debug|Any CPU
		{0C21DA62-4DE9-4BA5-85F8-15A4A25E8476}.Debug|Any CPU.Build.0 = Debug|Any CPU
		{0C21DA62-4DE9-4BA5-85F8-15A4A25E8476}.Release|Any CPU.ActiveCfg = Release|Any CPU
		{0C21DA62-4DE9-4BA5-85F8-15A4A25E8476}.Release|Any CPU.Build.0 = Release|Any CPU
	EndGlobalSection
	GlobalSection(SolutionProperties) = preSolution
		HideSolutionNode = FALSE
	EndGlobalSection
	GlobalSection(ExtensibilityGlobals) = postSolution
		SolutionGuid = {A3172D6E-5199-496F-83AF-FE0207B9C850}
	EndGlobalSection
EndGlobal
